
Microsoft Visual Studio Solution File, Format Version 12.00
# Visual Studio Version 17
VisualStudioVersion = 17.0.31903.59
MinimumVisualStudioVersion = 10.0.40219.1
Project("{FAE04EC0-301F-11D3-BF4B-00C04F79EFBC}") = "API", "API\API.csproj", "{37F7F2B0-2649-4BB0-A389-0F1127A14D3E}"
EndProject
Project("{FAE04EC0-301F-11D3-BF4B-00C04F79EFBC}") = "Application", "Application\Application.csproj", "{5A747DB8-7DC1-4BC5-ADAA-64DDCBE60329}"
EndProject
Project("{FAE04EC0-301F-11D3-BF4B-00C04F79EFBC}") = "Domain", "Domain\Domain.csproj", "{0E5A3392-62EE-4AE6-8FC6-0CF55C0375BF}"
EndProject
Project("{FAE04EC0-301F-11D3-BF4B-00C04F79EFBC}") = "Persistence", "Persistence\Persistence.csproj", "{3E2BF0E0-6E2D-4FF5-BA21-B51CC87639BA}"
EndProject
Global
	GlobalSection(SolutionConfigurationPlatforms) = preSolution
		Debug|Any CPU = Debug|Any CPU
		Release|Any CPU = Release|Any CPU
	EndGlobalSection
	GlobalSection(SolutionProperties) = preSolution
		HideSolutionNode = FALSE
	EndGlobalSection
	GlobalSection(ProjectConfigurationPlatforms) = postSolution
		{37F7F2B0-2649-4BB0-A389-0F1127A14D3E}.Debug|Any CPU.ActiveCfg = Debug|Any CPU
		{37F7F2B0-2649-4BB0-A389-0F1127A14D3E}.Debug|Any CPU.Build.0 = Debug|Any CPU
		{37F7F2B0-2649-4BB0-A389-0F1127A14D3E}.Release|Any CPU.ActiveCfg = Release|Any CPU
		{37F7F2B0-2649-4BB0-A389-0F1127A14D3E}.Release|Any CPU.Build.0 = Release|Any CPU
		{5A747DB8-7DC1-4BC5-ADAA-64DDCBE60329}.Debug|Any CPU.ActiveCfg = Debug|Any CPU
		{5A747DB8-7DC1-4BC5-ADAA-64DDCBE60329}.Debug|Any CPU.Build.0 = Debug|Any CPU
		{5A747DB8-7DC1-4BC5-ADAA-64DDCBE60329}.Release|Any CPU.ActiveCfg = Release|Any CPU
		{5A747DB8-7DC1-4BC5-ADAA-64DDCBE60329}.Release|Any CPU.Build.0 = Release|Any CPU
		{0E5A3392-62EE-4AE6-8FC6-0CF55C0375BF}.Debug|Any CPU.ActiveCfg = Debug|Any CPU
		{0E5A3392-62EE-4AE6-8FC6-0CF55C0375BF}.Debug|Any CPU.Build.0 = Debug|Any CPU
		{0E5A3392-62EE-4AE6-8FC6-0CF55C0375BF}.Release|Any CPU.ActiveCfg = Release|Any CPU
		{0E5A3392-62EE-4AE6-8FC6-0CF55C0375BF}.Release|Any CPU.Build.0 = Release|Any CPU
		{3E2BF0E0-6E2D-4FF5-BA21-B51CC87639BA}.Debug|Any CPU.ActiveCfg = Debug|Any CPU
		{3E2BF0E0-6E2D-4FF5-BA21-B51CC87639BA}.Debug|Any CPU.Build.0 = Debug|Any CPU
		{3E2BF0E0-6E2D-4FF5-BA21-B51CC87639BA}.Release|Any CPU.ActiveCfg = Release|Any CPU
		{3E2BF0E0-6E2D-4FF5-BA21-B51CC87639BA}.Release|Any CPU.Build.0 = Release|Any CPU
	EndGlobalSection
EndGlobal
